
Microsoft Visual Studio Solution File, Format Version 12.00
# Visual Studio 15
Project("{FAE04EC0-301F-11D3-BF4B-00C04F79EFBC}") = "Assembly-CSharp", "Assembly-CSharp.csproj", "{1C702146-20D2-49F2-52D8-BCCC02A3A3E6}"
EndProject
Project("{FAE04EC0-301F-11D3-BF4B-00C04F79EFBC}") = "Assembly-CSharp-Editor", "Assembly-CSharp-Editor.csproj", "{41D4620A-13EB-2299-9A2B-D99E43BD9151}"
EndProject
Global
	GlobalSection(SolutionConfigurationPlatforms) = preSolution
		Debug|Any CPU = Debug|Any CPU
		Release|Any CPU = Release|Any CPU
	EndGlobalSection
	GlobalSection(ProjectConfigurationPlatforms) = postSolution
		{1C702146-20D2-49F2-52D8-BCCC02A3A3E6}.Debug|Any CPU.ActiveCfg = Debug|Any CPU
		{1C702146-20D2-49F2-52D8-BCCC02A3A3E6}.Debug|Any CPU.Build.0 = Debug|Any CPU
		{1C702146-20D2-49F2-52D8-BCCC02A3A3E6}.Release|Any CPU.ActiveCfg = Release|Any CPU
		{1C702146-20D2-49F2-52D8-BCCC02A3A3E6}.Release|Any CPU.Build.0 = Release|Any CPU
		{41D4620A-13EB-2299-9A2B-D99E43BD9151}.Debug|Any CPU.ActiveCfg = Debug|Any CPU
		{41D4620A-13EB-2299-9A2B-D99E43BD9151}.Debug|Any CPU.Build.0 = Debug|Any CPU
		{41D4620A-13EB-2299-9A2B-D99E43BD9151}.Release|Any CPU.ActiveCfg = Release|Any CPU
		{41D4620A-13EB-2299-9A2B-D99E43BD9151}.Release|Any CPU.Build.0 = Release|Any CPU
	EndGlobalSection
	GlobalSection(SolutionProperties) = preSolution
		HideSolutionNode = FALSE
	EndGlobalSection
	GlobalSection(MonoDevelopProperties) = preSolution
		StartupItem = Assembly-CSharp.csproj
	EndGlobalSection
EndGlobal
